
Microsoft Visual Studio Solution File, Format Version 12.00
# Visual Studio Version 17
VisualStudioVersion = 17.0.32126.317
MinimumVisualStudioVersion = 10.0.40219.1
Project("{9A19103F-16F7-4668-BE54-9A1E7A4F7556}") = "PointStore", "PointStore\PointStore.csproj", "{2F12B018-B6D4-4D37-B2A3-F77020B2A83F}"
EndProject
Project("{9A19103F-16F7-4668-BE54-9A1E7A4F7556}") = "PointStore.Domain", "PointStore.Domain\PointStore.Domain.csproj", "{B59029DB-B533-4174-84FB-2BC4756D96DB}"
EndProject
Project("{9A19103F-16F7-4668-BE54-9A1E7A4F7556}") = "PointStore.Repository", "PointStore.Repository\PointStore.Repository.csproj", "{BE83A0CD-A288-4E61-8374-6CEE9062E062}"
EndProject
Project("{9A19103F-16F7-4668-BE54-9A1E7A4F7556}") = "PointStore.Service", "PointStore.Service\PointStore.Service.csproj", "{044E5DFA-E527-4141-B2B6-81E9038A077C}"
EndProject
Project("{9A19103F-16F7-4668-BE54-9A1E7A4F7556}") = "PointStore.CrossCutting", "PointStore.CrossCutting\PointStore.CrossCutting.csproj", "{71065440-1BAB-470F-AB52-83EDF7CF2B44}"
EndProject
Project("{FAE04EC0-301F-11D3-BF4B-00C04F79EFBC}") = "PointStore.Test", "PointStore.Test\PointStore.Test.csproj", "{E74A06B5-5B7D-48F1-ACDA-153B8DCCF334}"
EndProject
Global
	GlobalSection(SolutionConfigurationPlatforms) = preSolution
		Debug|Any CPU = Debug|Any CPU
		Release|Any CPU = Release|Any CPU
	EndGlobalSection
	GlobalSection(ProjectConfigurationPlatforms) = postSolution
		{2F12B018-B6D4-4D37-B2A3-F77020B2A83F}.Debug|Any CPU.ActiveCfg = Debug|Any CPU
		{2F12B018-B6D4-4D37-B2A3-F77020B2A83F}.Debug|Any CPU.Build.0 = Debug|Any CPU
		{2F12B018-B6D4-4D37-B2A3-F77020B2A83F}.Release|Any CPU.ActiveCfg = Release|Any CPU
		{2F12B018-B6D4-4D37-B2A3-F77020B2A83F}.Release|Any CPU.Build.0 = Release|Any CPU
		{B59029DB-B533-4174-84FB-2BC4756D96DB}.Debug|Any CPU.ActiveCfg = Debug|Any CPU
		{B59029DB-B533-4174-84FB-2BC4756D96DB}.Debug|Any CPU.Build.0 = Debug|Any CPU
		{B59029DB-B533-4174-84FB-2BC4756D96DB}.Release|Any CPU.ActiveCfg = Release|Any CPU
		{B59029DB-B533-4174-84FB-2BC4756D96DB}.Release|Any CPU.Build.0 = Release|Any CPU
		{BE83A0CD-A288-4E61-8374-6CEE9062E062}.Debug|Any CPU.ActiveCfg = Debug|Any CPU
		{BE83A0CD-A288-4E61-8374-6CEE9062E062}.Debug|Any CPU.Build.0 = Debug|Any CPU
		{BE83A0CD-A288-4E61-8374-6CEE9062E062}.Release|Any CPU.ActiveCfg = Release|Any CPU
		{BE83A0CD-A288-4E61-8374-6CEE9062E062}.Release|Any CPU.Build.0 = Release|Any CPU
		{044E5DFA-E527-4141-B2B6-81E9038A077C}.Debug|Any CPU.ActiveCfg = Debug|Any CPU
		{044E5DFA-E527-4141-B2B6-81E9038A077C}.Debug|Any CPU.Build.0 = Debug|Any CPU
		{044E5DFA-E527-4141-B2B6-81E9038A077C}.Release|Any CPU.ActiveCfg = Release|Any CPU
		{044E5DFA-E527-4141-B2B6-81E9038A077C}.Release|Any CPU.Build.0 = Release|Any CPU
		{71065440-1BAB-470F-AB52-83EDF7CF2B44}.Debug|Any CPU.ActiveCfg = Debug|Any CPU
		{71065440-1BAB-470F-AB52-83EDF7CF2B44}.Debug|Any CPU.Build.0 = Debug|Any CPU
		{71065440-1BAB-470F-AB52-83EDF7CF2B44}.Release|Any CPU.ActiveCfg = Release|Any CPU
		{71065440-1BAB-470F-AB52-83EDF7CF2B44}.Release|Any CPU.Build.0 = Release|Any CPU
		{E74A06B5-5B7D-48F1-ACDA-153B8DCCF334}.Debug|Any CPU.ActiveCfg = Debug|Any CPU
		{E74A06B5-5B7D-48F1-ACDA-153B8DCCF334}.Debug|Any CPU.Build.0 = Debug|Any CPU
		{E74A06B5-5B7D-48F1-ACDA-153B8DCCF334}.Release|Any CPU.ActiveCfg = Release|Any CPU
		{E74A06B5-5B7D-48F1-ACDA-153B8DCCF334}.Release|Any CPU.Build.0 = Release|Any CPU
	EndGlobalSection
	GlobalSection(SolutionProperties) = preSolution
		HideSolutionNode = FALSE
	EndGlobalSection
	GlobalSection(ExtensibilityGlobals) = postSolution
		SolutionGuid = {8BB1A9A2-6E1B-42F9-A527-D4420D8DDF5B}
	EndGlobalSection
EndGlobal
